
Microsoft Visual Studio Solution File, Format Version 12.00
# Visual Studio Version 16
VisualStudioVersion = 16.0.31702.278
MinimumVisualStudioVersion = 10.0.40219.1
Project("{FAE04EC0-301F-11D3-BF4B-00C04F79EFBC}") = "Datos", "Datos\Datos.csproj", "{D168C76A-EAAE-482C-82DF-6A83CFA1D6DA}"
EndProject
Project("{FAE04EC0-301F-11D3-BF4B-00C04F79EFBC}") = "Negocio", "Negocio\Negocio.csproj", "{39AE4FF2-920D-427B-89AE-BB3BB2E9A038}"
EndProject
Project("{FAE04EC0-301F-11D3-BF4B-00C04F79EFBC}") = "Presentación", "Presentación\Presentación.csproj", "{8A50455B-DF63-4F87-8E29-E12339397416}"
EndProject
Project("{FAE04EC0-301F-11D3-BF4B-00C04F79EFBC}") = "PresentacionWeb", "PresentacionWeb\PresentacionWeb.csproj", "{F9027352-89C8-4E57-B622-CE90E4DF9610}"
EndProject
Global
	GlobalSection(SolutionConfigurationPlatforms) = preSolution
		Debug|Any CPU = Debug|Any CPU
		Release|Any CPU = Release|Any CPU
	EndGlobalSection
	GlobalSection(ProjectConfigurationPlatforms) = postSolution
		{D168C76A-EAAE-482C-82DF-6A83CFA1D6DA}.Debug|Any CPU.ActiveCfg = Debug|Any CPU
		{D168C76A-EAAE-482C-82DF-6A83CFA1D6DA}.Debug|Any CPU.Build.0 = Debug|Any CPU
		{D168C76A-EAAE-482C-82DF-6A83CFA1D6DA}.Release|Any CPU.ActiveCfg = Release|Any CPU
		{D168C76A-EAAE-482C-82DF-6A83CFA1D6DA}.Release|Any CPU.Build.0 = Release|Any CPU
		{39AE4FF2-920D-427B-89AE-BB3BB2E9A038}.Debug|Any CPU.ActiveCfg = Debug|Any CPU
		{39AE4FF2-920D-427B-89AE-BB3BB2E9A038}.Debug|Any CPU.Build.0 = Debug|Any CPU
		{39AE4FF2-920D-427B-89AE-BB3BB2E9A038}.Release|Any CPU.ActiveCfg = Release|Any CPU
		{39AE4FF2-920D-427B-89AE-BB3BB2E9A038}.Release|Any CPU.Build.0 = Release|Any CPU
		{8A50455B-DF63-4F87-8E29-E12339397416}.Debug|Any CPU.ActiveCfg = Debug|Any CPU
		{8A50455B-DF63-4F87-8E29-E12339397416}.Debug|Any CPU.Build.0 = Debug|Any CPU
		{8A50455B-DF63-4F87-8E29-E12339397416}.Release|Any CPU.ActiveCfg = Release|Any CPU
		{8A50455B-DF63-4F87-8E29-E12339397416}.Release|Any CPU.Build.0 = Release|Any CPU
		{F9027352-89C8-4E57-B622-CE90E4DF9610}.Debug|Any CPU.ActiveCfg = Debug|Any CPU
		{F9027352-89C8-4E57-B622-CE90E4DF9610}.Debug|Any CPU.Build.0 = Debug|Any CPU
		{F9027352-89C8-4E57-B622-CE90E4DF9610}.Release|Any CPU.ActiveCfg = Release|Any CPU
		{F9027352-89C8-4E57-B622-CE90E4DF9610}.Release|Any CPU.Build.0 = Release|Any CPU
	EndGlobalSection
	GlobalSection(SolutionProperties) = preSolution
		HideSolutionNode = FALSE
	EndGlobalSection
	GlobalSection(ExtensibilityGlobals) = postSolution
		SolutionGuid = {23FE41ED-E230-491C-A0A4-CD7FE28870F9}
	EndGlobalSection
EndGlobal
