
Microsoft Visual Studio Solution File, Format Version 12.00
# Visual Studio Version 16
VisualStudioVersion = 16.0.31702.278
MinimumVisualStudioVersion = 10.0.40219.1
Project("{FAE04EC0-301F-11D3-BF4B-00C04F79EFBC}") = "Lab10", "Lab10.csproj", "{E0127B1B-047D-4631-A72A-1629CF76165B}"
EndProject
Global
	GlobalSection(SolutionConfigurationPlatforms) = preSolution
		Debug|Any CPU = Debug|Any CPU
		Release|Any CPU = Release|Any CPU
	EndGlobalSection
	GlobalSection(ProjectConfigurationPlatforms) = postSolution
		{E0127B1B-047D-4631-A72A-1629CF76165B}.Debug|Any CPU.ActiveCfg = Debug|Any CPU
		{E0127B1B-047D-4631-A72A-1629CF76165B}.Debug|Any CPU.Build.0 = Debug|Any CPU
		{E0127B1B-047D-4631-A72A-1629CF76165B}.Release|Any CPU.ActiveCfg = Release|Any CPU
		{E0127B1B-047D-4631-A72A-1629CF76165B}.Release|Any CPU.Build.0 = Release|Any CPU
	EndGlobalSection
	GlobalSection(SolutionProperties) = preSolution
		HideSolutionNode = FALSE
	EndGlobalSection
	GlobalSection(ExtensibilityGlobals) = postSolution
		SolutionGuid = {8F745522-6B58-46EE-BEF7-69E6659223B0}
	EndGlobalSection
EndGlobal
